
Microsoft Visual Studio Solution File, Format Version 12.00
# Visual Studio 15
VisualStudioVersion = 15.0.26430.6
MinimumVisualStudioVersion = 15.0.26124.0
Project("{9A19103F-16F7-4668-BE54-9A1E7A4F7556}") = "SOSTrucksMonitor.api", "SOSTrucksMonitor.api\SOSTrucksMonitor.api.csproj", "{030A03BE-EDE4-42C2-A24A-381A061D319D}"
EndProject
Project("{9A19103F-16F7-4668-BE54-9A1E7A4F7556}") = "SOSTrucksMonitor.web", "SOSTrucksMonitor.web\SOSTrucksMonitor.web.csproj", "{EC967BEB-0A61-4F99-B8B1-ADE0A6BF7A76}"
EndProject
Project("{00D1A9C2-B5F0-4AF3-8072-F6C62B433612}") = "SOSMonitor.DataBase", "SOSMonitor\SOSMonitor.DataBase.sqlproj", "{35D30497-B6BE-4283-80C2-A2664B4467FA}"
EndProject
Global
	GlobalSection(SolutionConfigurationPlatforms) = preSolution
		Debug|Any CPU = Debug|Any CPU
		Debug|x64 = Debug|x64
		Debug|x86 = Debug|x86
		Release|Any CPU = Release|Any CPU
		Release|x64 = Release|x64
		Release|x86 = Release|x86
	EndGlobalSection
	GlobalSection(ProjectConfigurationPlatforms) = postSolution
		{030A03BE-EDE4-42C2-A24A-381A061D319D}.Debug|Any CPU.ActiveCfg = Debug|Any CPU
		{030A03BE-EDE4-42C2-A24A-381A061D319D}.Debug|Any CPU.Build.0 = Debug|Any CPU
		{030A03BE-EDE4-42C2-A24A-381A061D319D}.Debug|x64.ActiveCfg = Debug|Any CPU
		{030A03BE-EDE4-42C2-A24A-381A061D319D}.Debug|x64.Build.0 = Debug|Any CPU
		{030A03BE-EDE4-42C2-A24A-381A061D319D}.Debug|x86.ActiveCfg = Debug|Any CPU
		{030A03BE-EDE4-42C2-A24A-381A061D319D}.Debug|x86.Build.0 = Debug|Any CPU
		{030A03BE-EDE4-42C2-A24A-381A061D319D}.Release|Any CPU.ActiveCfg = Release|Any CPU
		{030A03BE-EDE4-42C2-A24A-381A061D319D}.Release|Any CPU.Build.0 = Release|Any CPU
		{030A03BE-EDE4-42C2-A24A-381A061D319D}.Release|x64.ActiveCfg = Release|Any CPU
		{030A03BE-EDE4-42C2-A24A-381A061D319D}.Release|x64.Build.0 = Release|Any CPU
		{030A03BE-EDE4-42C2-A24A-381A061D319D}.Release|x86.ActiveCfg = Release|Any CPU
		{030A03BE-EDE4-42C2-A24A-381A061D319D}.Release|x86.Build.0 = Release|Any CPU
		{EC967BEB-0A61-4F99-B8B1-ADE0A6BF7A76}.Debug|Any CPU.ActiveCfg = Debug|Any CPU
		{EC967BEB-0A61-4F99-B8B1-ADE0A6BF7A76}.Debug|Any CPU.Build.0 = Debug|Any CPU
		{EC967BEB-0A61-4F99-B8B1-ADE0A6BF7A76}.Debug|x64.ActiveCfg = Debug|Any CPU
		{EC967BEB-0A61-4F99-B8B1-ADE0A6BF7A76}.Debug|x64.Build.0 = Debug|Any CPU
		{EC967BEB-0A61-4F99-B8B1-ADE0A6BF7A76}.Debug|x86.ActiveCfg = Debug|Any CPU
		{EC967BEB-0A61-4F99-B8B1-ADE0A6BF7A76}.Debug|x86.Build.0 = Debug|Any CPU
		{EC967BEB-0A61-4F99-B8B1-ADE0A6BF7A76}.Release|Any CPU.ActiveCfg = Release|Any CPU
		{EC967BEB-0A61-4F99-B8B1-ADE0A6BF7A76}.Release|Any CPU.Build.0 = Release|Any CPU
		{EC967BEB-0A61-4F99-B8B1-ADE0A6BF7A76}.Release|x64.ActiveCfg = Release|Any CPU
		{EC967BEB-0A61-4F99-B8B1-ADE0A6BF7A76}.Release|x64.Build.0 = Release|Any CPU
		{EC967BEB-0A61-4F99-B8B1-ADE0A6BF7A76}.Release|x86.ActiveCfg = Release|Any CPU
		{EC967BEB-0A61-4F99-B8B1-ADE0A6BF7A76}.Release|x86.Build.0 = Release|Any CPU
		{35D30497-B6BE-4283-80C2-A2664B4467FA}.Debug|Any CPU.ActiveCfg = Debug|Any CPU
		{35D30497-B6BE-4283-80C2-A2664B4467FA}.Debug|Any CPU.Build.0 = Debug|Any CPU
		{35D30497-B6BE-4283-80C2-A2664B4467FA}.Debug|Any CPU.Deploy.0 = Debug|Any CPU
		{35D30497-B6BE-4283-80C2-A2664B4467FA}.Debug|x64.ActiveCfg = Debug|Any CPU
		{35D30497-B6BE-4283-80C2-A2664B4467FA}.Debug|x64.Build.0 = Debug|Any CPU
		{35D30497-B6BE-4283-80C2-A2664B4467FA}.Debug|x64.Deploy.0 = Debug|Any CPU
		{35D30497-B6BE-4283-80C2-A2664B4467FA}.Debug|x86.ActiveCfg = Debug|Any CPU
		{35D30497-B6BE-4283-80C2-A2664B4467FA}.Debug|x86.Build.0 = Debug|Any CPU
		{35D30497-B6BE-4283-80C2-A2664B4467FA}.Debug|x86.Deploy.0 = Debug|Any CPU
		{35D30497-B6BE-4283-80C2-A2664B4467FA}.Release|Any CPU.ActiveCfg = Release|Any CPU
		{35D30497-B6BE-4283-80C2-A2664B4467FA}.Release|Any CPU.Build.0 = Release|Any CPU
		{35D30497-B6BE-4283-80C2-A2664B4467FA}.Release|Any CPU.Deploy.0 = Release|Any CPU
		{35D30497-B6BE-4283-80C2-A2664B4467FA}.Release|x64.ActiveCfg = Release|Any CPU
		{35D30497-B6BE-4283-80C2-A2664B4467FA}.Release|x64.Build.0 = Release|Any CPU
		{35D30497-B6BE-4283-80C2-A2664B4467FA}.Release|x64.Deploy.0 = Release|Any CPU
		{35D30497-B6BE-4283-80C2-A2664B4467FA}.Release|x86.ActiveCfg = Release|Any CPU
		{35D30497-B6BE-4283-80C2-A2664B4467FA}.Release|x86.Build.0 = Release|Any CPU
		{35D30497-B6BE-4283-80C2-A2664B4467FA}.Release|x86.Deploy.0 = Release|Any CPU
	EndGlobalSection
	GlobalSection(SolutionProperties) = preSolution
		HideSolutionNode = FALSE
	EndGlobalSection
EndGlobal
